
Microsoft Visual Studio Solution File, Format Version 12.00
Project("{FAE04EC0-301F-11D3-BF4B-00C04F79EFBC}") = "BYT_Project_s26850", "BYT_Project_s26850\BYT_Project_s26850.csproj", "{A13EA8C6-B27B-44AE-9116-4FCA4CD336F1}"
EndProject
Global
	GlobalSection(SolutionConfigurationPlatforms) = preSolution
		Debug|Any CPU = Debug|Any CPU
		Release|Any CPU = Release|Any CPU
	EndGlobalSection
	GlobalSection(ProjectConfigurationPlatforms) = postSolution
		{A13EA8C6-B27B-44AE-9116-4FCA4CD336F1}.Debug|Any CPU.ActiveCfg = Debug|Any CPU
		{A13EA8C6-B27B-44AE-9116-4FCA4CD336F1}.Debug|Any CPU.Build.0 = Debug|Any CPU
		{A13EA8C6-B27B-44AE-9116-4FCA4CD336F1}.Release|Any CPU.ActiveCfg = Release|Any CPU
		{A13EA8C6-B27B-44AE-9116-4FCA4CD336F1}.Release|Any CPU.Build.0 = Release|Any CPU
	EndGlobalSection
EndGlobal
